<?xml version="1.0" encoding="utf-8"?>
<Project ToolsVersion="4.0" xmlns="http://schemas.microsoft.com/developer/msbuild/2003">
  <ItemGroup>
    <Filter Include="Source Files">
      <UniqueIdentifier>{4FC737F1-C7A5-4376-A066-2A32D752A2FF}</UniqueIdentifier>
      <Extensions>cpp;c;cc;cxx;def;odl;idl;hpj;bat;asm;asmx</Extensions>
    </Filter>
    <Filter Include="Header Files">
      <UniqueIdentifier>{93995380-89BD-4b04-88EB-625FBE52EBFB}</UniqueIdentifier>
      <Extensions>h;hh;hpp;hxx;hm;inl;inc;ipp;xsd</Extensions>
    </Filter>
  </ItemGroup>
  <ItemGroup>
    <ClInclude Include="..\..\absl\debugging\failure_signal_handler.h">
      <Filter>Header Files</Filter>
    </ClInclude>
    <ClInclude Include="..\..\absl\debugging\leak_check.h">
      <Filter>Header Files</Filter>
    </ClInclude>
    <ClInclude Include="..\..\absl\debugging\stacktrace.h">
      <Filter>Header Files</Filter>
    </ClInclude>
    <ClInclude Include="..\..\absl\debugging\symbolize.h">
      <Filter>Header Files</Filter>
    </ClInclude>
    <ClInclude Include="..\..\absl\debugging\internal\address_is_readable.h">
      <Filter>Header Files</Filter>
    </ClInclude>
    <ClInclude Include="..\..\absl\debugging\internal\demangle.h">
      <Filter>Header Files</Filter>
    </ClInclude>
    <ClInclude Include="..\..\absl\debugging\internal\elf_mem_image.h">
      <Filter>Header Files</Filter>
    </ClInclude>
    <ClInclude Include="..\..\absl\debugging\internal\examine_stack.h">
      <Filter>Header Files</Filter>
    </ClInclude>
    <ClInclude Include="..\..\absl\debugging\internal\stack_consumption.h">
      <Filter>Header Files</Filter>
    </ClInclude>
    <ClInclude Include="..\..\absl\debugging\internal\stacktrace_config.h">
      <Filter>Header Files</Filter>
    </ClInclude>
    <ClInclude Include="..\..\absl\debugging\internal\symbolize.h">
      <Filter>Header Files</Filter>
    </ClInclude>
    <ClInclude Include="..\..\absl\debugging\internal\vdso_support.h">
      <Filter>Header Files</Filter>
    </ClInclude>
  </ItemGroup>
  <ItemGroup>
    <ClCompile Include="..\..\absl\debugging\failure_signal_handler.cc">
      <Filter>Source Files</Filter>
    </ClCompile>
    <ClCompile Include="..\..\absl\debugging\leak_check.cc">
      <Filter>Source Files</Filter>
    </ClCompile>
    <ClCompile Include="..\..\absl\debugging\leak_check_disable.cc">
      <Filter>Source Files</Filter>
    </ClCompile>
    <ClCompile Include="..\..\absl\debugging\stacktrace.cc">
      <Filter>Source Files</Filter>
    </ClCompile>
    <ClCompile Include="..\..\absl\debugging\symbolize.cc">
      <Filter>Source Files</Filter>
    </ClCompile>
    <ClCompile Include="..\..\absl\debugging\internal\address_is_readable.cc">
      <Filter>Source Files</Filter>
    </ClCompile>
    <ClCompile Include="..\..\absl\debugging\internal\demangle.cc">
      <Filter>Source Files</Filter>
    </ClCompile>
    <ClCompile Include="..\..\absl\debugging\internal\elf_mem_image.cc">
      <Filter>Source Files</Filter>
    </ClCompile>
    <ClCompile Include="..\..\absl\debugging\internal\examine_stack.cc">
      <Filter>Source Files</Filter>
    </ClCompile>
    <ClCompile Include="..\..\absl\debugging\internal\stack_consumption.cc">
      <Filter>Source Files</Filter>
    </ClCompile>
    <ClCompile Include="..\..\absl\debugging\internal\vdso_support.cc">
      <Filter>Source Files</Filter>
    </ClCompile>
  </ItemGroup>
</Project>
