<?xml version="1.0" encoding="utf-8"?>
<Project ToolsVersion="4.0" xmlns="http://schemas.microsoft.com/developer/msbuild/2003">
  <ItemGroup>
    <Filter Include="Source Files">
      <UniqueIdentifier>{4FC737F1-C7A5-4376-A066-2A32D752A2FF}</UniqueIdentifier>
      <Extensions>cpp;c;cc;cxx;def;odl;idl;hpj;bat;asm;asmx</Extensions>
    </Filter>
    <Filter Include="Header Files">
      <UniqueIdentifier>{93995380-89BD-4b04-88EB-625FBE52EBFB}</UniqueIdentifier>
      <Extensions>h;hh;hpp;hxx;hm;inl;inc;ipp;xsd</Extensions>
    </Filter>
  </ItemGroup>
  <ItemGroup>
    <ClCompile Include="..\absl\algorithm\equal_benchmark.cc">
      <Filter>Source Files</Filter>
    </ClCompile>
    <ClCompile Include="..\absl\container\fixed_array_benchmark.cc">
      <Filter>Source Files</Filter>
    </ClCompile>
    <ClCompile Include="..\absl\container\inlined_vector_benchmark.cc">
      <Filter>Source Files</Filter>
    </ClCompile>
    <ClCompile Include="..\absl\base\internal\thread_identity_benchmark.cc">
      <Filter>Source Files</Filter>
    </ClCompile>
    <ClCompile Include="..\absl\numeric\int128_benchmark.cc">
      <Filter>Source Files</Filter>
    </ClCompile>
    <ClCompile Include="..\absl\strings\ascii_benchmark.cc">
      <Filter>Source Files</Filter>
    </ClCompile>
    <ClCompile Include="..\absl\strings\charconv_benchmark.cc">
      <Filter>Source Files</Filter>
    </ClCompile>
    <ClCompile Include="..\absl\strings\escaping_benchmark.cc">
      <Filter>Source Files</Filter>
    </ClCompile>
    <ClCompile Include="..\absl\strings\numbers_benchmark.cc">
      <Filter>Source Files</Filter>
    </ClCompile>
    <ClCompile Include="..\absl\strings\str_cat_benchmark.cc">
      <Filter>Source Files</Filter>
    </ClCompile>
    <ClCompile Include="..\absl\strings\str_join_benchmark.cc">
      <Filter>Source Files</Filter>
    </ClCompile>
    <ClCompile Include="..\absl\strings\str_replace_benchmark.cc">
      <Filter>Source Files</Filter>
    </ClCompile>
    <ClCompile Include="..\absl\strings\str_split_benchmark.cc">
      <Filter>Source Files</Filter>
    </ClCompile>
    <ClCompile Include="..\absl\strings\string_view_benchmark.cc">
      <Filter>Source Files</Filter>
    </ClCompile>
    <ClCompile Include="..\absl\strings\internal\char_map_benchmark.cc">
      <Filter>Source Files</Filter>
    </ClCompile>
    <ClCompile Include="..\absl\strings\internal\memutil_benchmark.cc">
      <Filter>Source Files</Filter>
    </ClCompile>
    <ClCompile Include="..\absl\strings\internal\ostringstream_benchmark.cc">
      <Filter>Source Files</Filter>
    </ClCompile>
    <ClCompile Include="..\absl\synchronization\mutex_benchmark.cc">
      <Filter>Source Files</Filter>
    </ClCompile>
    <ClCompile Include="..\absl\synchronization\internal\graphcycles_benchmark.cc">
      <Filter>Source Files</Filter>
    </ClCompile>
    <ClCompile Include="..\absl\time\civil_time_benchmark.cc">
      <Filter>Source Files</Filter>
    </ClCompile>
    <ClCompile Include="..\absl\time\clock_benchmark.cc">
      <Filter>Source Files</Filter>
    </ClCompile>
    <ClCompile Include="..\absl\time\duration_benchmark.cc">
      <Filter>Source Files</Filter>
    </ClCompile>
    <ClCompile Include="..\absl\time\format_benchmark.cc">
      <Filter>Source Files</Filter>
    </ClCompile>
    <ClCompile Include="..\absl\time\time_benchmark.cc">
      <Filter>Source Files</Filter>
    </ClCompile>
    <ClCompile Include="..\absl\types\variant_benchmark.cc">
      <Filter>Source Files</Filter>
    </ClCompile>
  </ItemGroup>
</Project>