<?xml version="1.0" encoding="utf-8"?>
<Project ToolsVersion="4.0" xmlns="http://schemas.microsoft.com/developer/msbuild/2003">
  <ItemGroup>
    <Filter Include="Source Files">
      <UniqueIdentifier>{4FC737F1-C7A5-4376-A066-2A32D752A2FF}</UniqueIdentifier>
      <Extensions>cpp;c;cc;cxx;def;odl;idl;hpj;bat;asm;asmx</Extensions>
    </Filter>
    <Filter Include="Header Files">
      <UniqueIdentifier>{93995380-89BD-4b04-88EB-625FBE52EBFB}</UniqueIdentifier>
      <Extensions>h;hh;hpp;hxx;hm;inl;inc;ipp;xsd</Extensions>
    </Filter>
  </ItemGroup>
  <ItemGroup>
    <ClInclude Include="..\..\absl\synchronization\barrier.h">
      <Filter>Header Files</Filter>
    </ClInclude>
    <ClInclude Include="..\..\absl\synchronization\blocking_counter.h">
      <Filter>Header Files</Filter>
    </ClInclude>
    <ClInclude Include="..\..\absl\synchronization\mutex.h">
      <Filter>Header Files</Filter>
    </ClInclude>
    <ClInclude Include="..\..\absl\synchronization\notification.h">
      <Filter>Header Files</Filter>
    </ClInclude>
    <ClInclude Include="..\..\absl\synchronization\internal\create_thread_identity.h">
      <Filter>Header Files</Filter>
    </ClInclude>
    <ClInclude Include="..\..\absl\synchronization\internal\graphcycles.h">
      <Filter>Header Files</Filter>
    </ClInclude>
    <ClInclude Include="..\..\absl\synchronization\internal\kernel_timeout.h">
      <Filter>Header Files</Filter>
    </ClInclude>
    <ClInclude Include="..\..\absl\synchronization\internal\per_thread_sem.h">
      <Filter>Header Files</Filter>
    </ClInclude>
    <ClInclude Include="..\..\absl\synchronization\internal\thread_pool.h">
      <Filter>Header Files</Filter>
    </ClInclude>
    <ClInclude Include="..\..\absl\synchronization\internal\waiter.h">
      <Filter>Header Files</Filter>
    </ClInclude>
  </ItemGroup>
  <ItemGroup>
    <ClCompile Include="..\..\absl\synchronization\barrier.cc">
      <Filter>Source Files</Filter>
    </ClCompile>
    <ClCompile Include="..\..\absl\synchronization\blocking_counter.cc">
      <Filter>Source Files</Filter>
    </ClCompile>
    <ClCompile Include="..\..\absl\synchronization\mutex.cc">
      <Filter>Source Files</Filter>
    </ClCompile>
    <ClCompile Include="..\..\absl\synchronization\notification.cc">
      <Filter>Source Files</Filter>
    </ClCompile>
    <ClCompile Include="..\..\absl\synchronization\internal\create_thread_identity.cc">
      <Filter>Source Files</Filter>
    </ClCompile>
    <ClCompile Include="..\..\absl\synchronization\internal\graphcycles.cc">
      <Filter>Source Files</Filter>
    </ClCompile>
    <ClCompile Include="..\..\absl\synchronization\internal\per_thread_sem.cc">
      <Filter>Source Files</Filter>
    </ClCompile>
    <ClCompile Include="..\..\absl\synchronization\internal\waiter.cc">
      <Filter>Source Files</Filter>
    </ClCompile>
  </ItemGroup>
</Project>