
Microsoft Visual Studio Solution File, Format Version 12.00
# Visual Studio 15
VisualStudioVersion = 15.0.27825.0
MinimumVisualStudioVersion = 10.0.40219.1
Project("{8BC9CEB8-8B4A-11D0-8D11-00A0C91BC942}") = "algorithm", "algorithm\algorithm.vcxproj", "{89A23FF1-CA6A-4886-AD66-9D88A54108F3}"
EndProject
Project("{8BC9CEB8-8B4A-11D0-8D11-00A0C91BC942}") = "base", "base\base.vcxproj", "{61CEED69-E6FB-4F61-AA59-25640ADAB4E0}"
EndProject
Project("{8BC9CEB8-8B4A-11D0-8D11-00A0C91BC942}") = "benchmarks", "benchmarks\benchmarks.vcxproj", "{931E90E4-3456-4C34-859B-731CD6633574}"
EndProject
Project("{8BC9CEB8-8B4A-11D0-8D11-00A0C91BC942}") = "container", "container\container.vcxproj", "{4F7E6A40-25EA-4E7F-9849-9C8D4463268D}"
EndProject
Project("{8BC9CEB8-8B4A-11D0-8D11-00A0C91BC942}") = "debugging", "debugging\debugging.vcxproj", "{116B9C3B-E42E-43EF-9590-A31435694576}"
EndProject
Project("{8BC9CEB8-8B4A-11D0-8D11-00A0C91BC942}") = "hash", "hash\hash.vcxproj", "{4A99CB40-9E88-4374-A67F-3C15D6B61E6B}"
EndProject
Project("{8BC9CEB8-8B4A-11D0-8D11-00A0C91BC942}") = "memory", "memory\memory.vcxproj", "{337E3E95-F203-44C9-AC04-1BDF84BE27C7}"
EndProject
Project("{8BC9CEB8-8B4A-11D0-8D11-00A0C91BC942}") = "meta", "meta\meta.vcxproj", "{A33EC3C8-C0AF-4804-8EE4-EA9CD7974743}"
EndProject
Project("{8BC9CEB8-8B4A-11D0-8D11-00A0C91BC942}") = "numeric", "numeric\numeric.vcxproj", "{36FCB0F6-A293-497F-8478-E955D175F2D0}"
EndProject
Project("{8BC9CEB8-8B4A-11D0-8D11-00A0C91BC942}") = "strings", "strings\strings.vcxproj", "{73BF0CE2-A996-4392-8940-206AD81C3774}"
EndProject
Project("{8BC9CEB8-8B4A-11D0-8D11-00A0C91BC942}") = "synchronization", "synchronization\synchronization.vcxproj", "{67C97D22-ED98-47BD-A840-46044FDEB59F}"
EndProject
Project("{8BC9CEB8-8B4A-11D0-8D11-00A0C91BC942}") = "tests", "tests\tests.vcxproj", "{322F0235-F62A-4115-A452-1059FB8AED7D}"
EndProject
Project("{8BC9CEB8-8B4A-11D0-8D11-00A0C91BC942}") = "time", "time\time.vcxproj", "{BC3A5306-CA46-41E6-83C5-19D828BA7778}"
EndProject
Project("{8BC9CEB8-8B4A-11D0-8D11-00A0C91BC942}") = "types", "types\types.vcxproj", "{E1C9D158-F541-4A35-8CD5-33545D45FB89}"
EndProject
Project("{8BC9CEB8-8B4A-11D0-8D11-00A0C91BC942}") = "utility", "utility\utility.vcxproj", "{C4BF53FD-BB8E-4C94-8C3C-47D8ACA0FE90}"
EndProject
Global
	GlobalSection(SolutionConfigurationPlatforms) = preSolution
		Debug|x64 = Debug|x64
		Release|x64 = Release|x64
	EndGlobalSection
	GlobalSection(ProjectConfigurationPlatforms) = postSolution
		{89A23FF1-CA6A-4886-AD66-9D88A54108F3}.Debug|x64.ActiveCfg = Debug|x64
		{89A23FF1-CA6A-4886-AD66-9D88A54108F3}.Debug|x64.Build.0 = Debug|x64
		{89A23FF1-CA6A-4886-AD66-9D88A54108F3}.Release|x64.ActiveCfg = Release|x64
		{89A23FF1-CA6A-4886-AD66-9D88A54108F3}.Release|x64.Build.0 = Release|x64
		{61CEED69-E6FB-4F61-AA59-25640ADAB4E0}.Debug|x64.ActiveCfg = Debug|x64
		{61CEED69-E6FB-4F61-AA59-25640ADAB4E0}.Debug|x64.Build.0 = Debug|x64
		{61CEED69-E6FB-4F61-AA59-25640ADAB4E0}.Release|x64.ActiveCfg = Release|x64
		{61CEED69-E6FB-4F61-AA59-25640ADAB4E0}.Release|x64.Build.0 = Release|x64
		{931E90E4-3456-4C34-859B-731CD6633574}.Debug|x64.ActiveCfg = Debug|x64
		{931E90E4-3456-4C34-859B-731CD6633574}.Debug|x64.Build.0 = Debug|x64
		{931E90E4-3456-4C34-859B-731CD6633574}.Release|x64.ActiveCfg = Release|x64
		{931E90E4-3456-4C34-859B-731CD6633574}.Release|x64.Build.0 = Release|x64
		{4F7E6A40-25EA-4E7F-9849-9C8D4463268D}.Debug|x64.ActiveCfg = Debug|x64
		{4F7E6A40-25EA-4E7F-9849-9C8D4463268D}.Debug|x64.Build.0 = Debug|x64
		{4F7E6A40-25EA-4E7F-9849-9C8D4463268D}.Release|x64.ActiveCfg = Release|x64
		{4F7E6A40-25EA-4E7F-9849-9C8D4463268D}.Release|x64.Build.0 = Release|x64
		{116B9C3B-E42E-43EF-9590-A31435694576}.Debug|x64.ActiveCfg = Debug|x64
		{116B9C3B-E42E-43EF-9590-A31435694576}.Debug|x64.Build.0 = Debug|x64
		{116B9C3B-E42E-43EF-9590-A31435694576}.Release|x64.ActiveCfg = Release|x64
		{116B9C3B-E42E-43EF-9590-A31435694576}.Release|x64.Build.0 = Release|x64
		{4A99CB40-9E88-4374-A67F-3C15D6B61E6B}.Debug|x64.ActiveCfg = Debug|x64
		{4A99CB40-9E88-4374-A67F-3C15D6B61E6B}.Debug|x64.Build.0 = Debug|x64
		{4A99CB40-9E88-4374-A67F-3C15D6B61E6B}.Release|x64.ActiveCfg = Release|x64
		{4A99CB40-9E88-4374-A67F-3C15D6B61E6B}.Release|x64.Build.0 = Release|x64
		{337E3E95-F203-44C9-AC04-1BDF84BE27C7}.Debug|x64.ActiveCfg = Debug|x64
		{337E3E95-F203-44C9-AC04-1BDF84BE27C7}.Debug|x64.Build.0 = Debug|x64
		{337E3E95-F203-44C9-AC04-1BDF84BE27C7}.Release|x64.ActiveCfg = Release|x64
		{337E3E95-F203-44C9-AC04-1BDF84BE27C7}.Release|x64.Build.0 = Release|x64
		{A33EC3C8-C0AF-4804-8EE4-EA9CD7974743}.Debug|x64.ActiveCfg = Debug|x64
		{A33EC3C8-C0AF-4804-8EE4-EA9CD7974743}.Debug|x64.Build.0 = Debug|x64
		{A33EC3C8-C0AF-4804-8EE4-EA9CD7974743}.Release|x64.ActiveCfg = Release|x64
		{A33EC3C8-C0AF-4804-8EE4-EA9CD7974743}.Release|x64.Build.0 = Release|x64
		{36FCB0F6-A293-497F-8478-E955D175F2D0}.Debug|x64.ActiveCfg = Debug|x64
		{36FCB0F6-A293-497F-8478-E955D175F2D0}.Debug|x64.Build.0 = Debug|x64
		{36FCB0F6-A293-497F-8478-E955D175F2D0}.Release|x64.ActiveCfg = Release|x64
		{36FCB0F6-A293-497F-8478-E955D175F2D0}.Release|x64.Build.0 = Release|x64
		{73BF0CE2-A996-4392-8940-206AD81C3774}.Debug|x64.ActiveCfg = Debug|x64
		{73BF0CE2-A996-4392-8940-206AD81C3774}.Debug|x64.Build.0 = Debug|x64
		{73BF0CE2-A996-4392-8940-206AD81C3774}.Release|x64.ActiveCfg = Release|x64
		{73BF0CE2-A996-4392-8940-206AD81C3774}.Release|x64.Build.0 = Release|x64
		{67C97D22-ED98-47BD-A840-46044FDEB59F}.Debug|x64.ActiveCfg = Debug|x64
		{67C97D22-ED98-47BD-A840-46044FDEB59F}.Debug|x64.Build.0 = Debug|x64
		{67C97D22-ED98-47BD-A840-46044FDEB59F}.Release|x64.ActiveCfg = Release|x64
		{67C97D22-ED98-47BD-A840-46044FDEB59F}.Release|x64.Build.0 = Release|x64
		{322F0235-F62A-4115-A452-1059FB8AED7D}.Debug|x64.ActiveCfg = Debug|x64
		{322F0235-F62A-4115-A452-1059FB8AED7D}.Debug|x64.Build.0 = Debug|x64
		{322F0235-F62A-4115-A452-1059FB8AED7D}.Release|x64.ActiveCfg = Release|x64
		{322F0235-F62A-4115-A452-1059FB8AED7D}.Release|x64.Build.0 = Release|x64
		{BC3A5306-CA46-41E6-83C5-19D828BA7778}.Debug|x64.ActiveCfg = Debug|x64
		{BC3A5306-CA46-41E6-83C5-19D828BA7778}.Debug|x64.Build.0 = Debug|x64
		{BC3A5306-CA46-41E6-83C5-19D828BA7778}.Release|x64.ActiveCfg = Release|x64
		{BC3A5306-CA46-41E6-83C5-19D828BA7778}.Release|x64.Build.0 = Release|x64
		{E1C9D158-F541-4A35-8CD5-33545D45FB89}.Debug|x64.ActiveCfg = Debug|x64
		{E1C9D158-F541-4A35-8CD5-33545D45FB89}.Debug|x64.Build.0 = Debug|x64
		{E1C9D158-F541-4A35-8CD5-33545D45FB89}.Release|x64.ActiveCfg = Release|x64
		{E1C9D158-F541-4A35-8CD5-33545D45FB89}.Release|x64.Build.0 = Release|x64
		{C4BF53FD-BB8E-4C94-8C3C-47D8ACA0FE90}.Debug|x64.ActiveCfg = Debug|x64
		{C4BF53FD-BB8E-4C94-8C3C-47D8ACA0FE90}.Debug|x64.Build.0 = Debug|x64
		{C4BF53FD-BB8E-4C94-8C3C-47D8ACA0FE90}.Release|x64.ActiveCfg = Release|x64
		{C4BF53FD-BB8E-4C94-8C3C-47D8ACA0FE90}.Release|x64.Build.0 = Release|x64
	EndGlobalSection
	GlobalSection(SolutionProperties) = preSolution
		HideSolutionNode = FALSE
	EndGlobalSection
	GlobalSection(ExtensibilityGlobals) = postSolution
		SolutionGuid = {A18986C3-DF05-4B25-92E4-E767732A5694}
	EndGlobalSection
EndGlobal
