<?xml version="1.0" encoding="utf-8"?>
<Project ToolsVersion="4.0" xmlns="http://schemas.microsoft.com/developer/msbuild/2003">
  <ItemGroup>
    <Filter Include="Source Files">
      <UniqueIdentifier>{4FC737F1-C7A5-4376-A066-2A32D752A2FF}</UniqueIdentifier>
      <Extensions>cpp;c;cc;cxx;def;odl;idl;hpj;bat;asm;asmx</Extensions>
    </Filter>
    <Filter Include="Header Files">
      <UniqueIdentifier>{93995380-89BD-4b04-88EB-625FBE52EBFB}</UniqueIdentifier>
      <Extensions>h;hh;hpp;hxx;hm;inl;inc;ipp;xsd</Extensions>
    </Filter>
  </ItemGroup>
  <ItemGroup>
    <ClInclude Include="..\absl\strings\ascii.h">
      <Filter>Header Files</Filter>
    </ClInclude>
    <ClInclude Include="..\absl\strings\charconv.h">
      <Filter>Header Files</Filter>
    </ClInclude>
    <ClInclude Include="..\absl\strings\escaping.h">
      <Filter>Header Files</Filter>
    </ClInclude>
    <ClInclude Include="..\absl\strings\match.h">
      <Filter>Header Files</Filter>
    </ClInclude>
    <ClInclude Include="..\absl\strings\numbers.h">
      <Filter>Header Files</Filter>
    </ClInclude>
    <ClInclude Include="..\absl\strings\str_cat.h">
      <Filter>Header Files</Filter>
    </ClInclude>
    <ClInclude Include="..\absl\strings\str_format.h">
      <Filter>Header Files</Filter>
    </ClInclude>
    <ClInclude Include="..\absl\strings\str_join.h">
      <Filter>Header Files</Filter>
    </ClInclude>
    <ClInclude Include="..\absl\strings\str_replace.h">
      <Filter>Header Files</Filter>
    </ClInclude>
    <ClInclude Include="..\absl\strings\str_split.h">
      <Filter>Header Files</Filter>
    </ClInclude>
    <ClInclude Include="..\absl\strings\string_view.h">
      <Filter>Header Files</Filter>
    </ClInclude>
    <ClInclude Include="..\absl\strings\strip.h">
      <Filter>Header Files</Filter>
    </ClInclude>
    <ClInclude Include="..\absl\strings\substitute.h">
      <Filter>Header Files</Filter>
    </ClInclude>
    <ClInclude Include="..\absl\strings\internal\char_map.h">
      <Filter>Header Files</Filter>
    </ClInclude>
    <ClInclude Include="..\absl\strings\internal\charconv_bigint.h">
      <Filter>Header Files</Filter>
    </ClInclude>
    <ClInclude Include="..\absl\strings\internal\charconv_parse.h">
      <Filter>Header Files</Filter>
    </ClInclude>
    <ClInclude Include="..\absl\strings\internal\memutil.h">
      <Filter>Header Files</Filter>
    </ClInclude>
    <ClInclude Include="..\absl\strings\internal\ostringstream.h">
      <Filter>Header Files</Filter>
    </ClInclude>
    <ClInclude Include="..\absl\strings\internal\resize_uninitialized.h">
      <Filter>Header Files</Filter>
    </ClInclude>
    <ClInclude Include="..\absl\strings\internal\stl_type_traits.h">
      <Filter>Header Files</Filter>
    </ClInclude>
    <ClInclude Include="..\absl\strings\internal\str_join_internal.h">
      <Filter>Header Files</Filter>
    </ClInclude>
    <ClInclude Include="..\absl\strings\internal\str_split_internal.h">
      <Filter>Header Files</Filter>
    </ClInclude>
    <ClInclude Include="..\absl\strings\internal\utf8.h">
      <Filter>Header Files</Filter>
    </ClInclude>
    <ClInclude Include="..\absl\strings\internal\str_format\arg.h">
      <Filter>Header Files</Filter>
    </ClInclude>
    <ClInclude Include="..\absl\strings\internal\str_format\bind.h">
      <Filter>Header Files</Filter>
    </ClInclude>
    <ClInclude Include="..\absl\strings\internal\str_format\checker.h">
      <Filter>Header Files</Filter>
    </ClInclude>
    <ClInclude Include="..\absl\strings\internal\str_format\extension.h">
      <Filter>Header Files</Filter>
    </ClInclude>
    <ClInclude Include="..\absl\strings\internal\str_format\float_conversion.h">
      <Filter>Header Files</Filter>
    </ClInclude>
    <ClInclude Include="..\absl\strings\internal\str_format\output.h">
      <Filter>Header Files</Filter>
    </ClInclude>
    <ClInclude Include="..\absl\strings\internal\str_format\parser.h">
      <Filter>Header Files</Filter>
    </ClInclude>
  </ItemGroup>
  <ItemGroup>
    <ClCompile Include="..\absl\strings\ascii.cc">
      <Filter>Source Files</Filter>
    </ClCompile>
    <ClCompile Include="..\absl\strings\charconv.cc">
      <Filter>Source Files</Filter>
    </ClCompile>
    <ClCompile Include="..\absl\strings\escaping.cc">
      <Filter>Source Files</Filter>
    </ClCompile>
    <ClCompile Include="..\absl\strings\match.cc">
      <Filter>Source Files</Filter>
    </ClCompile>
    <ClCompile Include="..\absl\strings\numbers.cc">
      <Filter>Source Files</Filter>
    </ClCompile>
    <ClCompile Include="..\absl\strings\str_cat.cc">
      <Filter>Source Files</Filter>
    </ClCompile>
    <ClCompile Include="..\absl\strings\str_replace.cc">
      <Filter>Source Files</Filter>
    </ClCompile>
    <ClCompile Include="..\absl\strings\str_split.cc">
      <Filter>Source Files</Filter>
    </ClCompile>
    <ClCompile Include="..\absl\strings\string_view.cc">
      <Filter>Source Files</Filter>
    </ClCompile>
    <ClCompile Include="..\absl\strings\substitute.cc">
      <Filter>Source Files</Filter>
    </ClCompile>
    <ClCompile Include="..\absl\strings\internal\charconv_bigint.cc">
      <Filter>Source Files</Filter>
    </ClCompile>
    <ClCompile Include="..\absl\strings\internal\charconv_parse.cc">
      <Filter>Source Files</Filter>
    </ClCompile>
    <ClCompile Include="..\absl\strings\internal\memutil.cc">
      <Filter>Source Files</Filter>
    </ClCompile>
    <ClCompile Include="..\absl\strings\internal\ostringstream.cc">
      <Filter>Source Files</Filter>
    </ClCompile>
    <ClCompile Include="..\absl\strings\internal\utf8.cc">
      <Filter>Source Files</Filter>
    </ClCompile>
    <ClCompile Include="..\absl\strings\internal\str_format\arg.cc">
      <Filter>Source Files</Filter>
    </ClCompile>
    <ClCompile Include="..\absl\strings\internal\str_format\bind.cc">
      <Filter>Source Files</Filter>
    </ClCompile>
    <ClCompile Include="..\absl\strings\internal\str_format\extension.cc">
      <Filter>Source Files</Filter>
    </ClCompile>
    <ClCompile Include="..\absl\strings\internal\str_format\float_conversion.cc">
      <Filter>Source Files</Filter>
    </ClCompile>
    <ClCompile Include="..\absl\strings\internal\str_format\output.cc">
      <Filter>Source Files</Filter>
    </ClCompile>
    <ClCompile Include="..\absl\strings\internal\str_format\parser.cc">
      <Filter>Source Files</Filter>
    </ClCompile>
  </ItemGroup>
</Project>